
Microsoft Visual Studio Solution File, Format Version 12.00
# Visual Studio Version 17
VisualStudioVersion = 17.4.33103.184
MinimumVisualStudioVersion = 10.0.40219.1
Project("{9A19103F-16F7-4668-BE54-9A1E7A4F7556}") = "BtrVol", "BtrVol\BtrVol.csproj", "{1C4E397F-356E-4D81-BAAC-A7FD5826D510}"
EndProject
Global
	GlobalSection(SolutionConfigurationPlatforms) = preSolution
		Debug|Any CPU = Debug|Any CPU
		Release|Any CPU = Release|Any CPU
	EndGlobalSection
	GlobalSection(ProjectConfigurationPlatforms) = postSolution
		{1C4E397F-356E-4D81-BAAC-A7FD5826D510}.Debug|Any CPU.ActiveCfg = Debug|Any CPU
		{1C4E397F-356E-4D81-BAAC-A7FD5826D510}.Debug|Any CPU.Build.0 = Debug|Any CPU
		{1C4E397F-356E-4D81-BAAC-A7FD5826D510}.Release|Any CPU.ActiveCfg = Release|Any CPU
		{1C4E397F-356E-4D81-BAAC-A7FD5826D510}.Release|Any CPU.Build.0 = Release|Any CPU
	EndGlobalSection
	GlobalSection(SolutionProperties) = preSolution
		HideSolutionNode = FALSE
	EndGlobalSection
	GlobalSection(ExtensibilityGlobals) = postSolution
		SolutionGuid = {5C94FFFC-C0A4-465F-8BCE-721F8AC4C771}
	EndGlobalSection
EndGlobal
